
Microsoft Visual Studio Solution File, Format Version 12.00
# Visual Studio Version 17
VisualStudioVersion = 17.9.34616.47
MinimumVisualStudioVersion = 10.0.40219.1
Project("{9A19103F-16F7-4668-BE54-9A1E7A4F7556}") = "Entities", "Entities\Entities.csproj", "{04A22DC9-B85C-4C05-B803-86C6D00D5CBF}"
EndProject
Project("{9A19103F-16F7-4668-BE54-9A1E7A4F7556}") = "DataStructure", "DataStructure\DataStructure.csproj", "{C3C05671-4BAD-462E-B023-21B059ED5FAE}"
EndProject
Project("{9A19103F-16F7-4668-BE54-9A1E7A4F7556}") = "AinAlfahd", "AinAlfahd\AinAlfahd.csproj", "{97BBFED7-3E18-487D-A4CA-E697E7891652}"
EndProject
Global
	GlobalSection(SolutionConfigurationPlatforms) = preSolution
		Debug|Any CPU = Debug|Any CPU
		Release|Any CPU = Release|Any CPU
	EndGlobalSection
	GlobalSection(ProjectConfigurationPlatforms) = postSolution
		{04A22DC9-B85C-4C05-B803-86C6D00D5CBF}.Debug|Any CPU.ActiveCfg = Debug|Any CPU
		{04A22DC9-B85C-4C05-B803-86C6D00D5CBF}.Debug|Any CPU.Build.0 = Debug|Any CPU
		{04A22DC9-B85C-4C05-B803-86C6D00D5CBF}.Release|Any CPU.ActiveCfg = Release|Any CPU
		{04A22DC9-B85C-4C05-B803-86C6D00D5CBF}.Release|Any CPU.Build.0 = Release|Any CPU
		{C3C05671-4BAD-462E-B023-21B059ED5FAE}.Debug|Any CPU.ActiveCfg = Debug|Any CPU
		{C3C05671-4BAD-462E-B023-21B059ED5FAE}.Debug|Any CPU.Build.0 = Debug|Any CPU
		{C3C05671-4BAD-462E-B023-21B059ED5FAE}.Release|Any CPU.ActiveCfg = Release|Any CPU
		{C3C05671-4BAD-462E-B023-21B059ED5FAE}.Release|Any CPU.Build.0 = Release|Any CPU
		{97BBFED7-3E18-487D-A4CA-E697E7891652}.Debug|Any CPU.ActiveCfg = Debug|Any CPU
		{97BBFED7-3E18-487D-A4CA-E697E7891652}.Debug|Any CPU.Build.0 = Debug|Any CPU
		{97BBFED7-3E18-487D-A4CA-E697E7891652}.Release|Any CPU.ActiveCfg = Release|Any CPU
		{97BBFED7-3E18-487D-A4CA-E697E7891652}.Release|Any CPU.Build.0 = Release|Any CPU
	EndGlobalSection
	GlobalSection(SolutionProperties) = preSolution
		HideSolutionNode = FALSE
	EndGlobalSection
	GlobalSection(ExtensibilityGlobals) = postSolution
		SolutionGuid = {8308E057-21BE-43B1-B0AB-222BA7E4305A}
	EndGlobalSection
EndGlobal
